
Microsoft Visual Studio Solution File, Format Version 12.00
Project("{FAE04EC0-301F-11D3-BF4B-00C04F79EFBC}") = "NoChestBlock", "NoChestBlock\NoChestBlock.csproj", "{FE8B42E3-7082-4DFF-A5CC-6B62B0315ACA}"
EndProject
Project("{FAE04EC0-301F-11D3-BF4B-00C04F79EFBC}") = "UnitTests", "UnitTests\UnitTests.csproj", "{CE6CA703-7B4B-4EDF-8748-259E15EF4D6E}"
EndProject
Global
	GlobalSection(SolutionConfigurationPlatforms) = preSolution
		Debug|Any CPU = Debug|Any CPU
		Release|Any CPU = Release|Any CPU
	EndGlobalSection
	GlobalSection(ProjectConfigurationPlatforms) = postSolution
		{FE8B42E3-7082-4DFF-A5CC-6B62B0315ACA}.Debug|Any CPU.ActiveCfg = Debug|Any CPU
		{FE8B42E3-7082-4DFF-A5CC-6B62B0315ACA}.Debug|Any CPU.Build.0 = Debug|Any CPU
		{FE8B42E3-7082-4DFF-A5CC-6B62B0315ACA}.Release|Any CPU.ActiveCfg = Release|Any CPU
		{FE8B42E3-7082-4DFF-A5CC-6B62B0315ACA}.Release|Any CPU.Build.0 = Release|Any CPU
		{CE6CA703-7B4B-4EDF-8748-259E15EF4D6E}.Debug|Any CPU.ActiveCfg = Debug|Any CPU
		{CE6CA703-7B4B-4EDF-8748-259E15EF4D6E}.Debug|Any CPU.Build.0 = Debug|Any CPU
		{CE6CA703-7B4B-4EDF-8748-259E15EF4D6E}.Release|Any CPU.ActiveCfg = Release|Any CPU
		{CE6CA703-7B4B-4EDF-8748-259E15EF4D6E}.Release|Any CPU.Build.0 = Release|Any CPU
	EndGlobalSection
EndGlobal
